
Microsoft Visual Studio Solution File, Format Version 12.00
# Visual Studio Version 17
VisualStudioVersion = 17.3.32811.315
MinimumVisualStudioVersion = 10.0.40219.1
Project("{9A19103F-16F7-4668-BE54-9A1E7A4F7556}") = "ArchiveBot", "ArchiveBot\ArchiveBot.csproj", "{4D53D399-DDEE-4777-87A9-173BF4366818}"
EndProject
Project("{9A19103F-16F7-4668-BE54-9A1E7A4F7556}") = "UnitTestProject1", "UnitTestProject1\UnitTestProject1.csproj", "{C52F4CD7-B588-479A-89FC-6CE446B5AD77}"
EndProject
Project("{9A19103F-16F7-4668-BE54-9A1E7A4F7556}") = "ArchiveBot.Core", "ArchiveBot.Core\ArchiveBot.Core.csproj", "{15AA6A1F-0738-4A36-880F-73887759B2F9}"
EndProject
Project("{9A19103F-16F7-4668-BE54-9A1E7A4F7556}") = "ArchiveBot.Core.Maui", "ArchiveBot.Core.Maui\ArchiveBot.Core.Maui.csproj", "{FD8B258B-58EA-4657-920E-941D72538629}"
EndProject
Project("{9A19103F-16F7-4668-BE54-9A1E7A4F7556}") = "ArchiveBot.Maui.App", "ArchiveBot.Maui.App\ArchiveBot.Maui.App.csproj", "{CCC355FF-88BB-4C3A-A391-0FD1AD5D5263}"
EndProject
Project("{2150E333-8FDC-42A3-9474-1A3956D46DE8}") = "Temp", "Temp", "{45D72DFD-09B8-440A-AB0E-8100083CF291}"
EndProject
Project("{FAE04EC0-301F-11D3-BF4B-00C04F79EFBC}") = "Czf.Wa.Initiatives.App", "Czf.Wa.Initiatives.App\Czf.Wa.Initiatives.App.csproj", "{66AFBEE2-3F81-415F-A157-34FA2540D106}"
EndProject
Global
	GlobalSection(SolutionConfigurationPlatforms) = preSolution
		Debug|Any CPU = Debug|Any CPU
		Release|Any CPU = Release|Any CPU
	EndGlobalSection
	GlobalSection(ProjectConfigurationPlatforms) = postSolution
		{4D53D399-DDEE-4777-87A9-173BF4366818}.Debug|Any CPU.ActiveCfg = Debug|Any CPU
		{4D53D399-DDEE-4777-87A9-173BF4366818}.Debug|Any CPU.Build.0 = Debug|Any CPU
		{4D53D399-DDEE-4777-87A9-173BF4366818}.Release|Any CPU.ActiveCfg = Release|Any CPU
		{4D53D399-DDEE-4777-87A9-173BF4366818}.Release|Any CPU.Build.0 = Release|Any CPU
		{C52F4CD7-B588-479A-89FC-6CE446B5AD77}.Debug|Any CPU.ActiveCfg = Debug|Any CPU
		{C52F4CD7-B588-479A-89FC-6CE446B5AD77}.Debug|Any CPU.Build.0 = Debug|Any CPU
		{C52F4CD7-B588-479A-89FC-6CE446B5AD77}.Release|Any CPU.ActiveCfg = Release|Any CPU
		{C52F4CD7-B588-479A-89FC-6CE446B5AD77}.Release|Any CPU.Build.0 = Release|Any CPU
		{15AA6A1F-0738-4A36-880F-73887759B2F9}.Debug|Any CPU.ActiveCfg = Debug|Any CPU
		{15AA6A1F-0738-4A36-880F-73887759B2F9}.Debug|Any CPU.Build.0 = Debug|Any CPU
		{15AA6A1F-0738-4A36-880F-73887759B2F9}.Release|Any CPU.ActiveCfg = Release|Any CPU
		{15AA6A1F-0738-4A36-880F-73887759B2F9}.Release|Any CPU.Build.0 = Release|Any CPU
		{FD8B258B-58EA-4657-920E-941D72538629}.Debug|Any CPU.ActiveCfg = Debug|Any CPU
		{FD8B258B-58EA-4657-920E-941D72538629}.Debug|Any CPU.Build.0 = Debug|Any CPU
		{FD8B258B-58EA-4657-920E-941D72538629}.Release|Any CPU.ActiveCfg = Release|Any CPU
		{FD8B258B-58EA-4657-920E-941D72538629}.Release|Any CPU.Build.0 = Release|Any CPU
		{CCC355FF-88BB-4C3A-A391-0FD1AD5D5263}.Debug|Any CPU.ActiveCfg = Debug|Any CPU
		{CCC355FF-88BB-4C3A-A391-0FD1AD5D5263}.Debug|Any CPU.Build.0 = Debug|Any CPU
		{CCC355FF-88BB-4C3A-A391-0FD1AD5D5263}.Debug|Any CPU.Deploy.0 = Debug|Any CPU
		{CCC355FF-88BB-4C3A-A391-0FD1AD5D5263}.Release|Any CPU.ActiveCfg = Release|Any CPU
		{CCC355FF-88BB-4C3A-A391-0FD1AD5D5263}.Release|Any CPU.Build.0 = Release|Any CPU
		{CCC355FF-88BB-4C3A-A391-0FD1AD5D5263}.Release|Any CPU.Deploy.0 = Release|Any CPU
		{66AFBEE2-3F81-415F-A157-34FA2540D106}.Debug|Any CPU.ActiveCfg = Debug|Any CPU
		{66AFBEE2-3F81-415F-A157-34FA2540D106}.Debug|Any CPU.Build.0 = Debug|Any CPU
		{66AFBEE2-3F81-415F-A157-34FA2540D106}.Release|Any CPU.ActiveCfg = Release|Any CPU
		{66AFBEE2-3F81-415F-A157-34FA2540D106}.Release|Any CPU.Build.0 = Release|Any CPU
	EndGlobalSection
	GlobalSection(SolutionProperties) = preSolution
		HideSolutionNode = FALSE
	EndGlobalSection
	GlobalSection(ExtensibilityGlobals) = postSolution
		SolutionGuid = {2756FF4D-480E-4CC3-AFD2-CEF52C364612}
	EndGlobalSection
EndGlobal
